
Microsoft Visual Studio Solution File, Format Version 12.00
# Visual Studio 14
VisualStudioVersion = 14.0.25420.1
MinimumVisualStudioVersion = 10.0.40219.1
Project("{FAE04EC0-301F-11D3-BF4B-00C04F79EFBC}") = "P2P", "P2P\P2P.csproj", "{D22D84FA-5492-4B0E-AB0E-520A5C53B22F}"
EndProject
Project("{FAE04EC0-301F-11D3-BF4B-00C04F79EFBC}") = "ChatBackend", "ChatBackend\ChatBackend.csproj", "{96DCC20B-CED8-4F96-A4A0-164CA54C7A60}"
EndProject
Global
	GlobalSection(SolutionConfigurationPlatforms) = preSolution
		Debug|Any CPU = Debug|Any CPU
		Release|Any CPU = Release|Any CPU
	EndGlobalSection
	GlobalSection(ProjectConfigurationPlatforms) = postSolution
		{D22D84FA-5492-4B0E-AB0E-520A5C53B22F}.Debug|Any CPU.ActiveCfg = Debug|Any CPU
		{D22D84FA-5492-4B0E-AB0E-520A5C53B22F}.Debug|Any CPU.Build.0 = Debug|Any CPU
		{D22D84FA-5492-4B0E-AB0E-520A5C53B22F}.Release|Any CPU.ActiveCfg = Release|Any CPU
		{D22D84FA-5492-4B0E-AB0E-520A5C53B22F}.Release|Any CPU.Build.0 = Release|Any CPU
		{96DCC20B-CED8-4F96-A4A0-164CA54C7A60}.Debug|Any CPU.ActiveCfg = Debug|Any CPU
		{96DCC20B-CED8-4F96-A4A0-164CA54C7A60}.Debug|Any CPU.Build.0 = Debug|Any CPU
		{96DCC20B-CED8-4F96-A4A0-164CA54C7A60}.Release|Any CPU.ActiveCfg = Release|Any CPU
		{96DCC20B-CED8-4F96-A4A0-164CA54C7A60}.Release|Any CPU.Build.0 = Release|Any CPU
	EndGlobalSection
	GlobalSection(SolutionProperties) = preSolution
		HideSolutionNode = FALSE
	EndGlobalSection
EndGlobal
